{
  "requires": true,
  "lockfileVersion": 1,
  "dependencies": {
    "@ngbmodule/material-carousel": {
      "version": "0.7.1",
      "resolved": "https://registry.npmjs.org/@ngbmodule/material-carousel/-/material-carousel-0.7.1.tgz",
      "integrity": "sha512-Q8Lx46ykAXX/CQk/Wm7rXcDhMPypj2J/IN63daVXLlfn5eVgYzpyzZJoYUNGdey01t/Cfm/jVvV4SMI5u/KChg==",
      "requires": {
        "tslib": "^2.0.0"
      }
    },
    "tslib": {
      "version": "2.0.3",
      "resolved": "https://registry.npmjs.org/tslib/-/tslib-2.0.3.tgz",
      "integrity": "sha512-uZtkfKblCEQtZKBF6EBXVZeQNl82yqtDQdv+eck8u7tdPxjLu2/lp5/uPW+um2tpuxINHWy3GhiccY7QgEaVHQ=="
    }
  }
}
